// !$*UTF8*$!
{
	archiveVersion = 1;
	classes = {
	};
	objectVersion = 50;
	objects = {

/* Begin PBXBuildFile section */
		CF4142A0233A82D9009F4F6E /* AppDelegate.swift in Sources */ = {isa = PBXBuildFile; fileRef = CF41429F233A82D9009F4F6E /* AppDelegate.swift */; };
		CF4142A2233A82D9009F4F6E /* ViewController.swift in Sources */ = {isa = PBXBuildFile; fileRef = CF4142A1233A82D9009F4F6E /* ViewController.swift */; };
		CF4142A5233A82D9009F4F6E /* Main.storyboard in Resources */ = {isa = PBXBuildFile; fileRef = CF4142A3233A82D9009F4F6E /* Main.storyboard */; };
		CF4142A7233A82DA009F4F6E /* Assets.xcassets in Resources */ = {isa = PBXBuildFile; fileRef = CF4142A6233A82DA009F4F6E /* Assets.xcassets */; };
		CF4142AA233A82DA009F4F6E /* LaunchScreen.storyboard in Resources */ = {isa = PBXBuildFile; fileRef = CF4142A8233A82DA009F4F6E /* LaunchScreen.storyboard */; };
/* End PBXBuildFile section */

/* Begin PBXFileReference section */
		CF41429C233A82D9009F4F6E /* screenie.app */ = {isa = PBXFileReference; explicitFileType = wrapper.application; includeInIndex = 0; path = screenie.app; sourceTree = BUILT_PRODUCTS_DIR; };
		CF41429F233A82D9009F4F6E /* AppDelegate.swift */ = {isa = PBXFileReference; lastKnownFileType = sourcecode.swift; path = AppDelegate.swift; sourceTree = "<group>"; };
		CF4142A1233A82D9009F4F6E /* ViewController.swift */ = {isa = PBXFileReference; lastKnownFileType = sourcecode.swift; path = ViewController.swift; sourceTree = "<group>"; };
		CF4142A4233A82D9009F4F6E /* Base */ = {isa = PBXFileReference; lastKnownFileType = file.storyboard; name = Base; path = Base.lproj/Main.storyboard; sourceTree = "<group>"; };
		CF4142A6233A82DA009F4F6E /* Assets.xcassets */ = {isa = PBXFileReference; lastKnownFileType = folder.assetcatalog; path = Assets.xcassets; sourceTree = "<group>"; };
		CF4142A9233A82DA009F4F6E /* Base */ = {isa = PBXFileReference; lastKnownFileType = file.storyboard; name = Base; path = Base.lproj/LaunchScreen.storyboard; sourceTree = "<group>"; };
		CF4142AB233A82DA009F4F6E /* Info.plist */ = {isa = PBXFileReference; lastKnownFileType = text.plist.xml; path = Info.plist; sourceTree = "<group>"; };
/* End PBXFileReference section */

/* Begin PBXFrameworksBuildPhase section */
		CF414299233A82D9009F4F6E /* Frameworks */ = {
			isa = PBXFrameworksBuildPhase;
			buildActionMask = 2147483647;
			files = (
			);
			runOnlyForDeploymentPostprocessing = 0;
		};
/* End PBXFrameworksBuildPhase section */

/* Begin PBXGroup section */
		CF414293233A82D9009F4F6E = {
			isa = PBXGroup;
			children = (
				CF41429E233A82D9009F4F6E /* screenie */,
				CF41429D233A82D9009F4F6E /* Products */,
			);
			sourceTree = "<group>";
		};
		CF41429D233A82D9009F4F6E /* Products */ = {
			isa = PBXGroup;
			children = (
				CF41429C233A82D9009F4F6E /* screenie.app */,
			);
			name = Products;
			sourceTree = "<group>";
		};
		CF41429E233A82D9009F4F6E /* screenie */ = {
			isa = PBXGroup;
			children = (
				CF41429F233A82D9009F4F6E /* AppDelegate.swift */,
				CF4142A1233A82D9009F4F6E /* ViewController.swift */,
				CF4142A3233A82D9009F4F6E /* Main.storyboard */,
				CF4142A6233A82DA009F4F6E /* Assets.xcassets */,
				CF4142A8233A82DA009F4F6E /* LaunchScreen.storyboard */,
				CF4142AB233A82DA009F4F6E /* Info.plist */,
			);
			path = screenie;
			sourceTree = "<group>";
		};
/* End PBXGroup section */

/* Begin PBXNativeTarget section */
		CF41429B233A82D9009F4F6E /* screenie */ = {
			isa = PBXNativeTarget;
			buildConfigurationList = CF4142AE233A82DA009F4F6E /* Build configuration list for PBXNativeTarget "screenie" */;
			buildPhases = (
				CF414298233A82D9009F4F6E /* Sources */,
				CF414299233A82D9009F4F6E /* Frameworks */,
				CF41429A233A82D9009F4F6E /* Resources */,
			);
			buildRules = (
			);
			dependencies = (
			);
			name = screenie;
			productName = screenie;
			productReference = CF41429C233A82D9009F4F6E /* screenie.app */;
			productType = "com.apple.product-type.application";
		};
/* End PBXNativeTarget section */

/* Begin PBXProject section */
		CF414294233A82D9009F4F6E /* Project object */ = {
			isa = PBXProject;
			attributes = {
				LastSwiftUpdateCheck = 1030;
				LastUpgradeCheck = 1030;
				ORGANIZATIONNAME = "camilo andres ibarra yepes";
				TargetAttributes = {
					CF41429B233A82D9009F4F6E = {
						CreatedOnToolsVersion = 10.3;
					};
				};
			};
			buildConfigurationList = CF414297233A82D9009F4F6E /* Build configuration list for PBXProject "screenie" */;
			compatibilityVersion = "Xcode 9.3";
			developmentRegion = en;
			hasScannedForEncodings = 0;
			knownRegions = (
				en,
				Base,
			);
			mainGroup = CF414293233A82D9009F4F6E;
			productRefGroup = CF41429D233A82D9009F4F6E /* Products */;
			projectDirPath = "";
			projectRoot = "";
			targets = (
				CF41429B233A82D9009F4F6E /* screenie */,
			);
		};
/* End PBXProject section */

/* Begin PBXResourcesBuildPhase section */
		CF41429A233A82D9009F4F6E /* Resources */ = {
			isa = PBXResourcesBuildPhase;
			buildActionMask = 2147483647;
			files = (
				CF4142AA233A82DA009F4F6E /* LaunchScreen.storyboard in Resources */,
				CF4142A7233A82DA009F4F6E /* Assets.xcassets in Resources */,
				CF4142A5233A82D9009F4F6E /* Main.storyboard in Resources */,
			);
			runOnlyForDeploymentPostprocessing = 0;
		};
/* End PBXResourcesBuildPhase section */

/* Begin PBXSourcesBuildPhase section */
		CF414298233A82D9009F4F6E /* Sources */ = {
			isa = PBXSourcesBuildPhase;
			buildActionMask = 2147483647;
			files = (
				CF4142A2233A82D9009F4F6E /* ViewController.swift in Sources */,
				CF4142A0233A82D9009F4F6E /* AppDelegate.swift in Sources */,
			);
			runOnlyForDeploymentPostprocessing = 0;
		};
/* End PBXSourcesBuildPhase section */

/* Begin PBXVariantGroup section */
		CF4142A3233A82D9009F4F6E /* Main.storyboard */ = {
			isa = PBXVariantGroup;
			children = (
				CF4142A4233A82D9009F4F6E /* Base */,
			);
			name = Main.storyboard;
			sourceTree = "<group>";
		};
		CF4142A8233A82DA009F4F6E /* LaunchScreen.storyboard */ = {
			isa = PBXVariantGroup;
			children = (
				CF4142A9233A82DA009F4F6E /* Base */,
			);
			name = LaunchScreen.storyboard;
			sourceTree = "<group>";
		};
/* End PBXVariantGroup section */

/* Begin XCBuildConfiguration section */
		CF4142AC233A82DA009F4F6E /* Debug */ = {
			isa = XCBuildConfiguration;
			buildSettings = {
				ALWAYS_SEARCH_USER_PATHS = NO;
				CLANG_ANALYZER_NONNULL = YES;
				CLANG_ANALYZER_NUMBER_OBJECT_CONVERSION = YES_AGGRESSIVE;
				CLANG_CXX_LANGUAGE_STANDARD = "gnu++14";
				CLANG_CXX_LIBRARY = "libc++";
				CLANG_ENABLE_MODULES = YES;
				CLANG_ENABLE_OBJC_ARC = YES;
				CLANG_ENABLE_OBJC_WEAK = YES;
				CLANG_WARN_BLOCK_CAPTURE_AUTORELEASING = YES;
				CLANG_WARN_BOOL_CONVERSION = YES;
				CLANG_WARN_COMMA = YES;
				CLANG_WARN_CONSTANT_CONVERSION = YES;
				CLANG_WARN_DEPRECATED_OBJC_IMPLEMENTATIONS = YES;
				CLANG_WARN_DIRECT_OBJC_ISA_USAGE = YES_ERROR;
				CLANG_WARN_DOCUMENTATION_COMMENTS = YES;
				CLANG_WARN_EMPTY_BODY = YES;
				CLANG_WARN_ENUM_CONVERSION = YES;
				CLANG_WARN_INFINITE_RECURSION = YES;
				CLANG_WARN_INT_CONVERSION = YES;
				CLANG_WARN_NON_LITERAL_NULL_CONVERSION = YES;
				CLANG_WARN_OBJC_IMPLICIT_RETAIN_SELF = YES;
				CLANG_WARN_OBJC_LITERAL_CONVERSION = YES;
				CLANG_WARN_OBJC_ROOT_CLASS = YES_ERROR;
				CLANG_WARN_RANGE_LOOP_ANALYSIS = YES;
				CLANG_WARN_STRICT_PROTOTYPES = YES;
				CLANG_WARN_SUSPICIOUS_MOVE = YES;
				CLANG_WARN_UNGUARDED_AVAILABILITY = YES_AGGRESSIVE;
				CLANG_WARN_UNREACHABLE_CODE = YES;
				CLANG_WARN__DUPLICATE_METHOD_MATCH = YES;
				CODE_SIGN_IDENTITY = "iPhone Developer";
				COPY_PHASE_STRIP = NO;
				DEBUG_INFORMATION_FORMAT = dwarf;
				ENABLE_STRICT_OBJC_MSGSEND = YES;
				ENABLE_TESTABILITY = YES;
				GCC_C_LANGUAGE_STANDARD = gnu11;
				GCC_DYNAMIC_NO_PIC = NO;
				GCC_NO_COMMON_BLOCKS = YES;
				GCC_OPTIMIZATION_LEVEL = 0;
				GCC_PREPROCESSOR_DEFINITIONS = (
					"DEBUG=1",
					"$(inherited)",
				);
				GCC_WARN_64_TO_32_BIT_CONVERSION = YES;
				GCC_WARN_ABOUT_RETURN_TYPE = YES_ERROR;
				GCC_WARN_UNDECLARED_SELECTOR = YES;
				GCC_WARN_UNINITIALIZED_AUTOS = YES_AGGRESSIVE;
				GCC_WARN_UNUSED_FUNCTION = YES;
				GCC_WARN_UNUSED_VARIABLE = YES;
				IPHONEOS_DEPLOYMENT_TARGET = 12.4;
				MTL_ENABLE_DEBUG_INFO = INCLUDE_SOURCE;
				MTL_FAST_MATH = YES;
				ONLY_ACTIVE_ARCH = YES;
				SDKROOT = iphoneos;
				SWIFT_ACTIVE_COMPILATION_CONDITIONS = DEBUG;
				SWIFT_OPTIMIZATION_LEVEL = "-Onone";
			};
			name = Debug;
		};
		CF4142AD233A82DA009F4F6E /* Release */ = {
			isa = XCBuildConfiguration;
			buildSettings = {
				ALWAYS_SEARCH_USER_PATHS = NO;
				CLANG_ANALYZER_NONNULL = YES;
				CLANG_ANALYZER_NUMBER_OBJECT_CONVERSION = YES_AGGRESSIVE;
				CLANG_CXX_LANGUAGE_STANDARD = "gnu++14";
				CLANG_CXX_LIBRARY = "libc++";
				CLANG_ENABLE_MODULES = YES;
				CLANG_ENABLE_OBJC_ARC = YES;
				CLANG_ENABLE_OBJC_WEAK = YES;
				CLANG_WARN_BLOCK_CAPTURE_AUTORELEASING = YES;
				CLANG_WARN_BOOL_CONVERSION = YES;
				CLANG_WARN_COMMA = YES;
				CLANG_WARN_CONSTANT_CONVERSION = YES;
				CLANG_WARN_DEPRECATED_OBJC_IMPLEMENTATIONS = YES;
				CLANG_WARN_DIRECT_OBJC_ISA_USAGE = YES_ERROR;
				CLANG_WARN_DOCUMENTATION_COMMENTS = YES;
				CLANG_WARN_EMPTY_BODY = YES;
				CLANG_WARN_ENUM_CONVERSION = YES;
				CLANG_WARN_INFINITE_RECURSION = YES;
				CLANG_WARN_INT_CONVERSION = YES;
				CLANG_WARN_NON_LITERAL_NULL_CONVERSION = YES;
				CLANG_WARN_OBJC_IMPLICIT_RETAIN_SELF = YES;
				CLANG_WARN_OBJC_LITERAL_CONVERSION = YES;
				CLANG_WARN_OBJC_ROOT_CLASS = YES_ERROR;
				CLANG_WARN_RANGE_LOOP_ANALYSIS = YES;
				CLANG_WARN_STRICT_PROTOTYPES = YES;
				CLANG_WARN_SUSPICIOUS_MOVE = YES;
				CLANG_WARN_UNGUARDED_AVAILABILITY = YES_AGGRESSIVE;
				CLANG_WARN_UNREACHABLE_CODE = YES;
				CLANG_WARN__DUPLICATE_METHOD_MATCH = YES;
				CODE_SIGN_IDENTITY = "iPhone Developer";
				COPY_PHASE_STRIP = NO;
				DEBUG_INFORMATION_FORMAT = "dwarf-with-dsym";
				ENABLE_NS_ASSERTIONS = NO;
				ENABLE_STRICT_OBJC_MSGSEND = YES;
				GCC_C_LANGUAGE_STANDARD = gnu11;
				GCC_NO_COMMON_BLOCKS = YES;
				GCC_WARN_64_TO_32_BIT_CONVERSION = YES;
				GCC_WARN_ABOUT_RETURN_TYPE = YES_ERROR;
				GCC_WARN_UNDECLARED_SELECTOR = YES;
				GCC_WARN_UNINITIALIZED_AUTOS = YES_AGGRESSIVE;
				GCC_WARN_UNUSED_FUNCTION = YES;
				GCC_WARN_UNUSED_VARIABLE = YES;
				IPHONEOS_DEPLOYMENT_TARGET = 12.4;
				MTL_ENABLE_DEBUG_INFO = NO;
				MTL_FAST_MATH = YES;
				SDKROOT = iphoneos;
				SWIFT_COMPILATION_MODE = wholemodule;
				SWIFT_OPTIMIZATION_LEVEL = "-O";
				VALIDATE_PRODUCT = YES;
			};
			name = Release;
		};
		CF4142AF233A82DA009F4F6E /* Debug */ = {
			isa = XCBuildConfiguration;
			buildSettings = {
				ASSETCATALOG_COMPILER_APPICON_NAME = AppIcon;
				CODE_SIGN_STYLE = Automatic;
				DEVELOPMENT_TEAM = V32RWZSXV9;
				INFOPLIST_FILE = screenie/Info.plist;
				LD_RUNPATH_SEARCH_PATHS = (
					"$(inherited)",
					"@executable_path/Frameworks",
				);
				PRODUCT_BUNDLE_IDENTIFIER = com.camilo.screenie;
				PRODUCT_NAME = "$(TARGET_NAME)";
				SWIFT_VERSION = 5.0;
				TARGETED_DEVICE_FAMILY = "1,2";
			};
			name = Debug;
		};
		CF4142B0233A82DA009F4F6E /* Release */ = {
			isa = XCBuildConfiguration;
			buildSettings = {
				ASSETCATALOG_COMPILER_APPICON_NAME = AppIcon;
				CODE_SIGN_STYLE = Automatic;
				DEVELOPMENT_TEAM = V32RWZSXV9;
				INFOPLIST_FILE = screenie/Info.plist;
				LD_RUNPATH_SEARCH_PATHS = (
					"$(inherited)",
					"@executable_path/Frameworks",
				);
				PRODUCT_BUNDLE_IDENTIFIER = com.camilo.screenie;
				PRODUCT_NAME = "$(TARGET_NAME)";
				SWIFT_VERSION = 5.0;
				TARGETED_DEVICE_FAMILY = "1,2";
			};
			name = Release;
		};
/* End XCBuildConfiguration section */

/* Begin XCConfigurationList section */
		CF414297233A82D9009F4F6E /* Build configuration list for PBXProject "screenie" */ = {
			isa = XCConfigurationList;
			buildConfigurations = (
				CF4142AC233A82DA009F4F6E /* Debug */,
				CF4142AD233A82DA009F4F6E /* Release */,
			);
			defaultConfigurationIsVisible = 0;
			defaultConfigurationName = Release;
		};
		CF4142AE233A82DA009F4F6E /* Build configuration list for PBXNativeTarget "screenie" */ = {
			isa = XCConfigurationList;
			buildConfigurations = (
				CF4142AF233A82DA009F4F6E /* Debug */,
				CF4142B0233A82DA009F4F6E /* Release */,
			);
			defaultConfigurationIsVisible = 0;
			defaultConfigurationName = Release;
		};
/* End XCConfigurationList section */
	};
	rootObject = CF414294233A82D9009F4F6E /* Project object */;
}
